
Microsoft Visual Studio Solution File, Format Version 12.00
# Visual Studio Version 16
VisualStudioVersion = 16.0.32802.440
MinimumVisualStudioVersion = 10.0.40219.1
Project("{FAE04EC0-301F-11D3-BF4B-00C04F79EFBC}") = "linear_project", "linear_project\linear_project.csproj", "{945FA066-8B96-4C57-9E41-63F6B0F07053}"
EndProject
Global
	GlobalSection(SolutionConfigurationPlatforms) = preSolution
		Debug|Any CPU = Debug|Any CPU
		Release|Any CPU = Release|Any CPU
	EndGlobalSection
	GlobalSection(ProjectConfigurationPlatforms) = postSolution
		{945FA066-8B96-4C57-9E41-63F6B0F07053}.Debug|Any CPU.ActiveCfg = Debug|Any CPU
		{945FA066-8B96-4C57-9E41-63F6B0F07053}.Debug|Any CPU.Build.0 = Debug|Any CPU
		{945FA066-8B96-4C57-9E41-63F6B0F07053}.Release|Any CPU.ActiveCfg = Release|Any CPU
		{945FA066-8B96-4C57-9E41-63F6B0F07053}.Release|Any CPU.Build.0 = Release|Any CPU
	EndGlobalSection
	GlobalSection(SolutionProperties) = preSolution
		HideSolutionNode = FALSE
	EndGlobalSection
	GlobalSection(ExtensibilityGlobals) = postSolution
		SolutionGuid = {23827EDA-C307-4A8C-9A28-0F04653ECA02}
	EndGlobalSection
EndGlobal
