
Microsoft Visual Studio Solution File, Format Version 12.00
# Visual Studio Version 16
VisualStudioVersion = 16.0.32802.440
MinimumVisualStudioVersion = 10.0.40219.1
Project("{FAE04EC0-301F-11D3-BF4B-00C04F79EFBC}") = "linear_last", "linear_last\linear_last.csproj", "{758914CE-CCBC-4F85-8384-52D7276BDA80}"
EndProject
Global
	GlobalSection(SolutionConfigurationPlatforms) = preSolution
		Debug|Any CPU = Debug|Any CPU
		Release|Any CPU = Release|Any CPU
	EndGlobalSection
	GlobalSection(ProjectConfigurationPlatforms) = postSolution
		{758914CE-CCBC-4F85-8384-52D7276BDA80}.Debug|Any CPU.ActiveCfg = Debug|Any CPU
		{758914CE-CCBC-4F85-8384-52D7276BDA80}.Debug|Any CPU.Build.0 = Debug|Any CPU
		{758914CE-CCBC-4F85-8384-52D7276BDA80}.Release|Any CPU.ActiveCfg = Release|Any CPU
		{758914CE-CCBC-4F85-8384-52D7276BDA80}.Release|Any CPU.Build.0 = Release|Any CPU
	EndGlobalSection
	GlobalSection(SolutionProperties) = preSolution
		HideSolutionNode = FALSE
	EndGlobalSection
	GlobalSection(ExtensibilityGlobals) = postSolution
		SolutionGuid = {1C75EA5B-267E-47E5-8FB4-75A1029213C2}
	EndGlobalSection
EndGlobal
